
Microsoft Visual Studio Solution File, Format Version 12.00
# Visual Studio Version 17
VisualStudioVersion = 17.14.36212.18 d17.14
MinimumVisualStudioVersion = 10.0.40219.1
Project("{FAE04EC0-301F-11D3-BF4B-00C04F79EFBC}") = "NowPlaying", "NowPlaying.csproj", "{77437925-97D4-44FA-BCED-F4E30A71F0E1}"
EndProject
Global
	GlobalSection(SolutionConfigurationPlatforms) = preSolution
		Debug|Any CPU = Debug|Any CPU
		Release|Any CPU = Release|Any CPU
	EndGlobalSection
	GlobalSection(ProjectConfigurationPlatforms) = postSolution
		{77437925-97D4-44FA-BCED-F4E30A71F0E1}.Debug|Any CPU.ActiveCfg = Debug|Any CPU
		{77437925-97D4-44FA-BCED-F4E30A71F0E1}.Debug|Any CPU.Build.0 = Debug|Any CPU
		{77437925-97D4-44FA-BCED-F4E30A71F0E1}.Release|Any CPU.ActiveCfg = Release|Any CPU
		{77437925-97D4-44FA-BCED-F4E30A71F0E1}.Release|Any CPU.Build.0 = Release|Any CPU
	EndGlobalSection
	GlobalSection(SolutionProperties) = preSolution
		HideSolutionNode = FALSE
	EndGlobalSection
	GlobalSection(ExtensibilityGlobals) = postSolution
		SolutionGuid = {59CBCF0D-F17E-4412-9FB4-00858DE81122}
	EndGlobalSection
EndGlobal
